lockfileVersion: '9.0'

settings:
  autoInstallPeers: true
  excludeLinksFromLockfile: false

importers:

  .:
    devDependencies:
      '@moonrepo/cli':
        specifier: ^1.33.3
        version: 1.33.3

packages:

  '@moonrepo/cli@1.33.3':
    resolution: {integrity: sha512-B+ICXj4poiESEhCzM+HmNR+nsAGQzV0jCXX+q2FeOJu0fSB44115+Nndm7QeT8m1oJ0mLKvjS5oqtopcH9EoRA==}
    hasBin: true

  '@moonrepo/core-linux-arm64-gnu@1.33.3':
    resolution: {integrity: sha512-n8aE++EF7lpl4mZwrUzzp6GziIgb5E1UfbbW51ib8wiQW53v/otRZeirgAapcCHjhXkbo8Meuh4XC0xyseYsNg==}
    cpu: [arm64]
    os: [linux]

  '@moonrepo/core-linux-arm64-musl@1.33.3':
    resolution: {integrity: sha512-Yp1x0ZMSuDk7VqemYoE7JsNm6MicatOWu1LWAgfPs/ON/6247bf70C/IpzMWCmjRSe4zKgnQhP5T+Qyk5GHyMA==}
    cpu: [arm64]
    os: [linux]

  '@moonrepo/core-linux-x64-gnu@1.33.3':
    resolution: {integrity: sha512-f+O4YUWKGRyyJMGe6kUnYtJre8vALANOb8/0niFhrvEk4zom5X0S82XdvwrCMoolMWLNxOx5XWjbl+DswWX3Nw==}
    cpu: [x64]
    os: [linux]

  '@moonrepo/core-linux-x64-musl@1.33.3':
    resolution: {integrity: sha512-3csSiwXatOTU4oAnXVLb73LMa8dNBzVy9fO9vVxC3mr8vYVk2qhO84AxiazQSWX6uTVyredlJv9OYwPSmdooOQ==}
    cpu: [x64]
    os: [linux]

  '@moonrepo/core-macos-arm64@1.33.3':
    resolution: {integrity: sha512-P11AbTQO9eF0UfcUz1vKiPFIA+SMz5o8JLl8E2+e/TAczPB6hJI30DXzCMXTf8aDiiq2hJUaoEJ7WrITEAh5qw==}
    cpu: [arm64]
    os: [darwin]

  '@moonrepo/core-macos-x64@1.33.3':
    resolution: {integrity: sha512-8j6gGr7BsG0sTr8ZFiG+asRaC/krMPiMydvxOwsZIAJiBrk/mn88ipkqDFt8EeGxwNr37dMV80i2agS9fP1t8g==}
    cpu: [x64]
    os: [darwin]

  '@moonrepo/core-windows-x64-msvc@1.33.3':
    resolution: {integrity: sha512-Aom3VN6qJIIT+3QlKgkuM0Xk1+StE4c4EqkOZFPMUoWeE0rmMTTq3GiDIfMC16VPw5eXzdVfEfubQ/qPaZJUHA==}
    cpu: [x64]
    os: [win32]

  detect-libc@2.0.3:
    resolution: {integrity: sha512-bwy0MGW55bG41VqxxypOsdSdGqLwXPI/focwgTYCFMbdUiBAxLg9CFzG08sz2aqzknwiX7Hkl0bQENjg8iLByw==}
    engines: {node: '>=8'}

snapshots:

  '@moonrepo/cli@1.33.3':
    dependencies:
      detect-libc: 2.0.3
    optionalDependencies:
      '@moonrepo/core-linux-arm64-gnu': 1.33.3
      '@moonrepo/core-linux-arm64-musl': 1.33.3
      '@moonrepo/core-linux-x64-gnu': 1.33.3
      '@moonrepo/core-linux-x64-musl': 1.33.3
      '@moonrepo/core-macos-arm64': 1.33.3
      '@moonrepo/core-macos-x64': 1.33.3
      '@moonrepo/core-windows-x64-msvc': 1.33.3

  '@moonrepo/core-linux-arm64-gnu@1.33.3':
    optional: true

  '@moonrepo/core-linux-arm64-musl@1.33.3':
    optional: true

  '@moonrepo/core-linux-x64-gnu@1.33.3':
    optional: true

  '@moonrepo/core-linux-x64-musl@1.33.3':
    optional: true

  '@moonrepo/core-macos-arm64@1.33.3':
    optional: true

  '@moonrepo/core-macos-x64@1.33.3':
    optional: true

  '@moonrepo/core-windows-x64-msvc@1.33.3':
    optional: true

  detect-libc@2.0.3: {}
